
Microsoft Visual Studio Solution File, Format Version 12.00
# Visual Studio Version 16
VisualStudioVersion = 16.0.29926.136
MinimumVisualStudioVersion = 10.0.40219.1
Project("{FAE04EC0-301F-11D3-BF4B-00C04F79EFBC}") = "CMSNetcore", "CMSNetcore\CMSNetcore.csproj", "{EA7E0930-164A-492D-9330-0D4E6C2C72A6}"
EndProject
Project("{FAE04EC0-301F-11D3-BF4B-00C04F79EFBC}") = "CMSNetcore.Infrastructure", "CMSNetcore.Infrastructure\CMSNetcore.Infrastructure.csproj", "{35F5D165-A06A-4C21-9861-5428F37EDBAB}"
EndProject
Project("{FAE04EC0-301F-11D3-BF4B-00C04F79EFBC}") = "CMSNetcore.Data", "CMSNetcore.Data\CMSNetcore.Data.csproj", "{20360430-6CEB-4A53-8580-3ED6726A9E3F}"
EndProject
Project("{FAE04EC0-301F-11D3-BF4B-00C04F79EFBC}") = "CMSNetcore.Utilities", "CMSNetcore.Utilities\CMSNetcore.Utilities.csproj", "{49BE5C8D-D8AB-48D3-8D59-6CF9C025C16E}"
EndProject
Project("{FAE04EC0-301F-11D3-BF4B-00C04F79EFBC}") = "CMSNetcore.Data.EF", "CMSNetcore.Data.EF\CMSNetcore.Data.EF.csproj", "{E2766A1F-722C-43E3-B54B-A3C24D44A5D4}"
EndProject
Project("{FAE04EC0-301F-11D3-BF4B-00C04F79EFBC}") = "CMSNetcore.Service", "CMSNetcore.Service\CMSNetcore.Service.csproj", "{3B2F60E2-9700-4FD3-97AD-636ACE3197F5}"
EndProject
Project("{2150E333-8FDC-42A3-9474-1A3956D46DE8}") = "1-Presentation", "1-Presentation", "{CD7F0619-8848-4A53-91E9-2218EAE8B27A}"
EndProject
Project("{2150E333-8FDC-42A3-9474-1A3956D46DE8}") = "2-Application", "2-Application", "{426DDAE2-21E4-4015-9776-E8092BD8E5BA}"
EndProject
Project("{2150E333-8FDC-42A3-9474-1A3956D46DE8}") = "3-Domain", "3-Domain", "{F9110FFF-3D36-4AD1-BD5E-9349CA163CE1}"
EndProject
Project("{2150E333-8FDC-42A3-9474-1A3956D46DE8}") = "4-Infratructure", "4-Infratructure", "{BB3BCBCE-4A27-4E99-A075-A7556182BC95}"
EndProject
Global
	GlobalSection(SolutionConfigurationPlatforms) = preSolution
		Debug|Any CPU = Debug|Any CPU
		Release|Any CPU = Release|Any CPU
	EndGlobalSection
	GlobalSection(ProjectConfigurationPlatforms) = postSolution
		{EA7E0930-164A-492D-9330-0D4E6C2C72A6}.Debug|Any CPU.ActiveCfg = Debug|Any CPU
		{EA7E0930-164A-492D-9330-0D4E6C2C72A6}.Debug|Any CPU.Build.0 = Debug|Any CPU
		{EA7E0930-164A-492D-9330-0D4E6C2C72A6}.Release|Any CPU.ActiveCfg = Release|Any CPU
		{EA7E0930-164A-492D-9330-0D4E6C2C72A6}.Release|Any CPU.Build.0 = Release|Any CPU
		{35F5D165-A06A-4C21-9861-5428F37EDBAB}.Debug|Any CPU.ActiveCfg = Debug|Any CPU
		{35F5D165-A06A-4C21-9861-5428F37EDBAB}.Debug|Any CPU.Build.0 = Debug|Any CPU
		{35F5D165-A06A-4C21-9861-5428F37EDBAB}.Release|Any CPU.ActiveCfg = Release|Any CPU
		{35F5D165-A06A-4C21-9861-5428F37EDBAB}.Release|Any CPU.Build.0 = Release|Any CPU
		{20360430-6CEB-4A53-8580-3ED6726A9E3F}.Debug|Any CPU.ActiveCfg = Debug|Any CPU
		{20360430-6CEB-4A53-8580-3ED6726A9E3F}.Debug|Any CPU.Build.0 = Debug|Any CPU
		{20360430-6CEB-4A53-8580-3ED6726A9E3F}.Release|Any CPU.ActiveCfg = Release|Any CPU
		{20360430-6CEB-4A53-8580-3ED6726A9E3F}.Release|Any CPU.Build.0 = Release|Any CPU
		{49BE5C8D-D8AB-48D3-8D59-6CF9C025C16E}.Debug|Any CPU.ActiveCfg = Debug|Any CPU
		{49BE5C8D-D8AB-48D3-8D59-6CF9C025C16E}.Debug|Any CPU.Build.0 = Debug|Any CPU
		{49BE5C8D-D8AB-48D3-8D59-6CF9C025C16E}.Release|Any CPU.ActiveCfg = Release|Any CPU
		{49BE5C8D-D8AB-48D3-8D59-6CF9C025C16E}.Release|Any CPU.Build.0 = Release|Any CPU
		{E2766A1F-722C-43E3-B54B-A3C24D44A5D4}.Debug|Any CPU.ActiveCfg = Debug|Any CPU
		{E2766A1F-722C-43E3-B54B-A3C24D44A5D4}.Debug|Any CPU.Build.0 = Debug|Any CPU
		{E2766A1F-722C-43E3-B54B-A3C24D44A5D4}.Release|Any CPU.ActiveCfg = Release|Any CPU
		{E2766A1F-722C-43E3-B54B-A3C24D44A5D4}.Release|Any CPU.Build.0 = Release|Any CPU
		{3B2F60E2-9700-4FD3-97AD-636ACE3197F5}.Debug|Any CPU.ActiveCfg = Debug|Any CPU
		{3B2F60E2-9700-4FD3-97AD-636ACE3197F5}.Debug|Any CPU.Build.0 = Debug|Any CPU
		{3B2F60E2-9700-4FD3-97AD-636ACE3197F5}.Release|Any CPU.ActiveCfg = Release|Any CPU
		{3B2F60E2-9700-4FD3-97AD-636ACE3197F5}.Release|Any CPU.Build.0 = Release|Any CPU
	EndGlobalSection
	GlobalSection(SolutionProperties) = preSolution
		HideSolutionNode = FALSE
	EndGlobalSection
	GlobalSection(NestedProjects) = preSolution
		{EA7E0930-164A-492D-9330-0D4E6C2C72A6} = {CD7F0619-8848-4A53-91E9-2218EAE8B27A}
		{35F5D165-A06A-4C21-9861-5428F37EDBAB} = {BB3BCBCE-4A27-4E99-A075-A7556182BC95}
		{20360430-6CEB-4A53-8580-3ED6726A9E3F} = {F9110FFF-3D36-4AD1-BD5E-9349CA163CE1}
		{49BE5C8D-D8AB-48D3-8D59-6CF9C025C16E} = {BB3BCBCE-4A27-4E99-A075-A7556182BC95}
		{E2766A1F-722C-43E3-B54B-A3C24D44A5D4} = {F9110FFF-3D36-4AD1-BD5E-9349CA163CE1}
		{3B2F60E2-9700-4FD3-97AD-636ACE3197F5} = {426DDAE2-21E4-4015-9776-E8092BD8E5BA}
	EndGlobalSection
	GlobalSection(ExtensibilityGlobals) = postSolution
		SolutionGuid = {118A0B1D-4892-47D0-B497-C8079141395A}
	EndGlobalSection
EndGlobal
